
Microsoft Visual Studio Solution File, Format Version 12.00
# Visual Studio Version 17
VisualStudioVersion = 17.2.32303.453
MinimumVisualStudioVersion = 10.0.40219.1
Project("{FAE04EC0-301F-11D3-BF4B-00C04F79EFBC}") = "Console", "Console\Console.csproj", "{BBA0F73B-5518-4CED-99F3-D6FFBAC8910D}"
EndProject
Global
	GlobalSection(SolutionConfigurationPlatforms) = preSolution
		Debug|Any CPU = Debug|Any CPU
		Release|Any CPU = Release|Any CPU
	EndGlobalSection
	GlobalSection(ProjectConfigurationPlatforms) = postSolution
		{BBA0F73B-5518-4CED-99F3-D6FFBAC8910D}.Debug|Any CPU.ActiveCfg = Debug|Any CPU
		{BBA0F73B-5518-4CED-99F3-D6FFBAC8910D}.Debug|Any CPU.Build.0 = Debug|Any CPU
		{BBA0F73B-5518-4CED-99F3-D6FFBAC8910D}.Release|Any CPU.ActiveCfg = Release|Any CPU
		{BBA0F73B-5518-4CED-99F3-D6FFBAC8910D}.Release|Any CPU.Build.0 = Release|Any CPU
	EndGlobalSection
	GlobalSection(SolutionProperties) = preSolution
		HideSolutionNode = FALSE
	EndGlobalSection
	GlobalSection(ExtensibilityGlobals) = postSolution
		SolutionGuid = {2AEA1B46-A194-4EEC-8E07-F3AE8AAC4B19}
	EndGlobalSection
EndGlobal
